
Microsoft Visual Studio Solution File, Format Version 12.00
# Visual Studio Version 17
VisualStudioVersion = 17.14.37502.11 d17.14
MinimumVisualStudioVersion = 10.0.40219.1
Project("{FAE04EC0-301F-11D3-BF4B-00C04F79EFBC}") = "SistemasDetarefas", "SistemasDetarefas\SistemasDetarefas.csproj", "{49CE9378-1ECB-498A-86D2-E514CE49B87C}"
EndProject
Global
	GlobalSection(SolutionConfigurationPlatforms) = preSolution
		Debug|Any CPU = Debug|Any CPU
		Release|Any CPU = Release|Any CPU
	EndGlobalSection
	GlobalSection(ProjectConfigurationPlatforms) = postSolution
		{49CE9378-1ECB-498A-86D2-E514CE49B87C}.Debug|Any CPU.ActiveCfg = Debug|Any CPU
		{49CE9378-1ECB-498A-86D2-E514CE49B87C}.Debug|Any CPU.Build.0 = Debug|Any CPU
		{49CE9378-1ECB-498A-86D2-E514CE49B87C}.Release|Any CPU.ActiveCfg = Release|Any CPU
		{49CE9378-1ECB-498A-86D2-E514CE49B87C}.Release|Any CPU.Build.0 = Release|Any CPU
	EndGlobalSection
	GlobalSection(SolutionProperties) = preSolution
		HideSolutionNode = FALSE
	EndGlobalSection
	GlobalSection(ExtensibilityGlobals) = postSolution
		SolutionGuid = {2AE2D3A3-12A1-403C-A735-F41A4F86B0AD}
	EndGlobalSection
EndGlobal
